
Microsoft Visual Studio Solution File, Format Version 12.00
# Visual Studio Version 16
VisualStudioVersion = 16.0.29911.84
MinimumVisualStudioVersion = 10.0.40219.1
Project("{FAE04EC0-301F-11D3-BF4B-00C04F79EFBC}") = "singletone", "singletone\singletone.csproj", "{C35CF281-6847-4580-967F-3CFE23825C09}"
EndProject
Global
	GlobalSection(SolutionConfigurationPlatforms) = preSolution
		Debug|Any CPU = Debug|Any CPU
		Release|Any CPU = Release|Any CPU
	EndGlobalSection
	GlobalSection(ProjectConfigurationPlatforms) = postSolution
		{C35CF281-6847-4580-967F-3CFE23825C09}.Debug|Any CPU.ActiveCfg = Debug|Any CPU
		{C35CF281-6847-4580-967F-3CFE23825C09}.Debug|Any CPU.Build.0 = Debug|Any CPU
		{C35CF281-6847-4580-967F-3CFE23825C09}.Release|Any CPU.ActiveCfg = Release|Any CPU
		{C35CF281-6847-4580-967F-3CFE23825C09}.Release|Any CPU.Build.0 = Release|Any CPU
	EndGlobalSection
	GlobalSection(SolutionProperties) = preSolution
		HideSolutionNode = FALSE
	EndGlobalSection
	GlobalSection(ExtensibilityGlobals) = postSolution
		SolutionGuid = {4B040F54-4485-4467-BCEE-E578A08D8866}
	EndGlobalSection
EndGlobal
