
Microsoft Visual Studio Solution File, Format Version 12.00
# Visual Studio 15
VisualStudioVersion = 15.0.28307.1062
MinimumVisualStudioVersion = 10.0.40219.1
Project("{FAE04EC0-301F-11D3-BF4B-00C04F79EFBC}") = "Archiver", "Archiver\Archiver.csproj", "{635759CD-4AB2-4CE0-8696-CE2016C9F0EF}"
EndProject
Global
	GlobalSection(SolutionConfigurationPlatforms) = preSolution
		Debug|Any CPU = Debug|Any CPU
		Release|Any CPU = Release|Any CPU
	EndGlobalSection
	GlobalSection(ProjectConfigurationPlatforms) = postSolution
		{635759CD-4AB2-4CE0-8696-CE2016C9F0EF}.Debug|Any CPU.ActiveCfg = Debug|Any CPU
		{635759CD-4AB2-4CE0-8696-CE2016C9F0EF}.Debug|Any CPU.Build.0 = Debug|Any CPU
		{635759CD-4AB2-4CE0-8696-CE2016C9F0EF}.Release|Any CPU.ActiveCfg = Release|Any CPU
		{635759CD-4AB2-4CE0-8696-CE2016C9F0EF}.Release|Any CPU.Build.0 = Release|Any CPU
	EndGlobalSection
	GlobalSection(SolutionProperties) = preSolution
		HideSolutionNode = FALSE
	EndGlobalSection
	GlobalSection(ExtensibilityGlobals) = postSolution
		SolutionGuid = {C76513D1-394D-4DEC-A2C0-F1F528808841}
	EndGlobalSection
EndGlobal
