
Microsoft Visual Studio Solution File, Format Version 12.00
# Visual Studio Version 16
VisualStudioVersion = 16.0.29911.84
MinimumVisualStudioVersion = 10.0.40219.1
Project("{FAE04EC0-301F-11D3-BF4B-00C04F79EFBC}") = "patternsNew", "patternsNew\patternsNew.csproj", "{55F1E69F-EB56-4F5F-A0CE-417CACCFA504}"
EndProject
Global
	GlobalSection(SolutionConfigurationPlatforms) = preSolution
		Debug|Any CPU = Debug|Any CPU
		Release|Any CPU = Release|Any CPU
	EndGlobalSection
	GlobalSection(ProjectConfigurationPlatforms) = postSolution
		{55F1E69F-EB56-4F5F-A0CE-417CACCFA504}.Debug|Any CPU.ActiveCfg = Debug|Any CPU
		{55F1E69F-EB56-4F5F-A0CE-417CACCFA504}.Debug|Any CPU.Build.0 = Debug|Any CPU
		{55F1E69F-EB56-4F5F-A0CE-417CACCFA504}.Release|Any CPU.ActiveCfg = Release|Any CPU
		{55F1E69F-EB56-4F5F-A0CE-417CACCFA504}.Release|Any CPU.Build.0 = Release|Any CPU
	EndGlobalSection
	GlobalSection(SolutionProperties) = preSolution
		HideSolutionNode = FALSE
	EndGlobalSection
	GlobalSection(ExtensibilityGlobals) = postSolution
		SolutionGuid = {79561C2A-A5F8-494A-B3A3-6E20590F0CE4}
	EndGlobalSection
EndGlobal
