
Microsoft Visual Studio Solution File, Format Version 12.00
# Visual Studio Version 16
VisualStudioVersion = 16.0.29911.84
MinimumVisualStudioVersion = 10.0.40219.1
Project("{FAE04EC0-301F-11D3-BF4B-00C04F79EFBC}") = "Делегаты", "Делегаты\Делегаты.csproj", "{ADC3D74E-7E95-461F-96B3-EC1FB54482AA}"
EndProject
Global
	GlobalSection(SolutionConfigurationPlatforms) = preSolution
		Debug|Any CPU = Debug|Any CPU
		Release|Any CPU = Release|Any CPU
	EndGlobalSection
	GlobalSection(ProjectConfigurationPlatforms) = postSolution
		{ADC3D74E-7E95-461F-96B3-EC1FB54482AA}.Debug|Any CPU.ActiveCfg = Debug|Any CPU
		{ADC3D74E-7E95-461F-96B3-EC1FB54482AA}.Debug|Any CPU.Build.0 = Debug|Any CPU
		{ADC3D74E-7E95-461F-96B3-EC1FB54482AA}.Release|Any CPU.ActiveCfg = Release|Any CPU
		{ADC3D74E-7E95-461F-96B3-EC1FB54482AA}.Release|Any CPU.Build.0 = Release|Any CPU
	EndGlobalSection
	GlobalSection(SolutionProperties) = preSolution
		HideSolutionNode = FALSE
	EndGlobalSection
	GlobalSection(ExtensibilityGlobals) = postSolution
		SolutionGuid = {F14081BB-8475-43B2-A03E-1BE09EB3B70C}
	EndGlobalSection
EndGlobal
